
Microsoft Visual Studio Solution File, Format Version 12.00
# Visual Studio Version 17
VisualStudioVersion = 17.14.36603.0 d17.14
MinimumVisualStudioVersion = 10.0.40219.1
Project("{FAE04EC0-301F-11D3-BF4B-00C04F79EFBC}") = "MyCalculator", "MyCalculator\MyCalculator.csproj", "{1A6DD031-F476-4A4E-B55C-A41A5D37F0BC}"
EndProject
Global
	GlobalSection(SolutionConfigurationPlatforms) = preSolution
		Debug|Any CPU = Debug|Any CPU
		Release|Any CPU = Release|Any CPU
	EndGlobalSection
	GlobalSection(ProjectConfigurationPlatforms) = postSolution
		{1A6DD031-F476-4A4E-B55C-A41A5D37F0BC}.Debug|Any CPU.ActiveCfg = Debug|Any CPU
		{1A6DD031-F476-4A4E-B55C-A41A5D37F0BC}.Debug|Any CPU.Build.0 = Debug|Any CPU
		{1A6DD031-F476-4A4E-B55C-A41A5D37F0BC}.Release|Any CPU.ActiveCfg = Release|Any CPU
		{1A6DD031-F476-4A4E-B55C-A41A5D37F0BC}.Release|Any CPU.Build.0 = Release|Any CPU
	EndGlobalSection
	GlobalSection(SolutionProperties) = preSolution
		HideSolutionNode = FALSE
	EndGlobalSection
	GlobalSection(ExtensibilityGlobals) = postSolution
		SolutionGuid = {F0243B82-20A1-41DA-8966-E3EA59597181}
	EndGlobalSection
EndGlobal
